
Microsoft Visual Studio Solution File, Format Version 12.00
# Visual Studio Version 17
VisualStudioVersion = 17.7.34202.233
MinimumVisualStudioVersion = 10.0.40219.1
Project("{FAE04EC0-301F-11D3-BF4B-00C04F79EFBC}") = "SAMPLE for 1", "SAMPLE for 1\SAMPLE for 1.csproj", "{DC045081-4FCA-47B1-886F-50BA9D98D328}"
EndProject
Project("{FAE04EC0-301F-11D3-BF4B-00C04F79EFBC}") = "DSA 1 ACT", "..\DSA 1 ACT\DSA 1 ACT\DSA 1 ACT.csproj", "{3241D8B8-D08E-42A4-84E9-B20EF0CB84F4}"
EndProject
Global
	GlobalSection(SolutionConfigurationPlatforms) = preSolution
		Debug|Any CPU = Debug|Any CPU
		Release|Any CPU = Release|Any CPU
	EndGlobalSection
	GlobalSection(ProjectConfigurationPlatforms) = postSolution
		{DC045081-4FCA-47B1-886F-50BA9D98D328}.Debug|Any CPU.ActiveCfg = Debug|Any CPU
		{DC045081-4FCA-47B1-886F-50BA9D98D328}.Debug|Any CPU.Build.0 = Debug|Any CPU
		{DC045081-4FCA-47B1-886F-50BA9D98D328}.Release|Any CPU.ActiveCfg = Release|Any CPU
		{DC045081-4FCA-47B1-886F-50BA9D98D328}.Release|Any CPU.Build.0 = Release|Any CPU
		{3241D8B8-D08E-42A4-84E9-B20EF0CB84F4}.Debug|Any CPU.ActiveCfg = Debug|Any CPU
		{3241D8B8-D08E-42A4-84E9-B20EF0CB84F4}.Debug|Any CPU.Build.0 = Debug|Any CPU
		{3241D8B8-D08E-42A4-84E9-B20EF0CB84F4}.Release|Any CPU.ActiveCfg = Release|Any CPU
		{3241D8B8-D08E-42A4-84E9-B20EF0CB84F4}.Release|Any CPU.Build.0 = Release|Any CPU
	EndGlobalSection
	GlobalSection(SolutionProperties) = preSolution
		HideSolutionNode = FALSE
	EndGlobalSection
	GlobalSection(ExtensibilityGlobals) = postSolution
		SolutionGuid = {3C1A6BF8-B221-42D7-9D47-D6CE56403AC0}
	EndGlobalSection
EndGlobal
